
Microsoft Visual Studio Solution File, Format Version 12.00
# Visual Studio Version 17
VisualStudioVersion = 17.8.34511.84
MinimumVisualStudioVersion = 10.0.40219.1
Project("{FAE04EC0-301F-11D3-BF4B-00C04F79EFBC}") = "MathApp", "MathApp\MathApp.csproj", "{A5987790-6F80-426A-B20B-99F69680C52A}"
EndProject
Global
	GlobalSection(SolutionConfigurationPlatforms) = preSolution
		Debug|Any CPU = Debug|Any CPU
		Release|Any CPU = Release|Any CPU
	EndGlobalSection
	GlobalSection(ProjectConfigurationPlatforms) = postSolution
		{A5987790-6F80-426A-B20B-99F69680C52A}.Debug|Any CPU.ActiveCfg = Debug|Any CPU
		{A5987790-6F80-426A-B20B-99F69680C52A}.Debug|Any CPU.Build.0 = Debug|Any CPU
		{A5987790-6F80-426A-B20B-99F69680C52A}.Debug|Any CPU.Deploy.0 = Debug|Any CPU
		{A5987790-6F80-426A-B20B-99F69680C52A}.Release|Any CPU.ActiveCfg = Release|Any CPU
		{A5987790-6F80-426A-B20B-99F69680C52A}.Release|Any CPU.Build.0 = Release|Any CPU
		{A5987790-6F80-426A-B20B-99F69680C52A}.Release|Any CPU.Deploy.0 = Release|Any CPU
	EndGlobalSection
	GlobalSection(SolutionProperties) = preSolution
		HideSolutionNode = FALSE
	EndGlobalSection
	GlobalSection(ExtensibilityGlobals) = postSolution
		SolutionGuid = {13A06DC1-0D84-452B-B1A9-DFD2212767D1}
	EndGlobalSection
EndGlobal
